{
  "nodes": {
    "devshell": {
      "inputs": {
        "nixpkgs": "nixpkgs"
      },
      "locked": {
        "lastModified": 1741473158,
        "narHash": "sha256-kWNaq6wQUbUMlPgw8Y+9/9wP0F8SHkjy24/mN3UAppg=",
        "owner": "numtide",
        "repo": "devshell",
        "rev": "7c9e793ebe66bcba8292989a68c0419b737a22a0",
        "type": "github"
      },
      "original": {
        "owner": "numtide",
        "repo": "devshell",
        "type": "github"
      }
    },
    "naersk": {
      "inputs": {
        "nixpkgs": [
          "nixpkgs"
        ]
      },
      "locked": {
        "lastModified": 1739824009,
        "narHash": "sha256-fcNrCMUWVLMG3gKC5M9CBqVOAnJtyRvGPxptQFl5mVg=",
        "ref": "refs/heads/master",
        "rev": "e5130d37369bfa600144c2424270c96f0ef0e11d",
        "revCount": 353,
        "type": "git",
        "url": "https://github.com/nix-community/naersk.git"
      },
      "original": {
        "type": "git",
        "url": "https://github.com/nix-community/naersk.git"
      }
    },
    "nixpkgs": {
      "locked": {
        "lastModified": 1722073938,
        "narHash": "sha256-OpX0StkL8vpXyWOGUD6G+MA26wAXK6SpT94kLJXo6B4=",
        "owner": "NixOS",
        "repo": "nixpkgs",
        "rev": "e36e9f57337d0ff0cf77aceb58af4c805472bfae",
        "type": "github"
      },
      "original": {
        "owner": "NixOS",
        "ref": "nixpkgs-unstable",
        "repo": "nixpkgs",
        "type": "github"
      }
    },
    "nixpkgs-unstable": {
      "locked": {
        "lastModified": 1742422364,
        "narHash": "sha256-mNqIplmEohk5jRkqYqG19GA8MbQ/D4gQSK0Mu4LvfRQ=",
        "owner": "nixos",
        "repo": "nixpkgs",
        "rev": "a84ebe20c6bc2ecbcfb000a50776219f48d134cc",
        "type": "github"
      },
      "original": {
        "owner": "nixos",
        "ref": "nixos-unstable",
        "repo": "nixpkgs",
        "type": "github"
      }
    },
    "nixpkgs_2": {
      "locked": {
        "lastModified": 1742388435,
        "narHash": "sha256-GheQGRNYAhHsvPxWVOhAmg9lZKkis22UPbEHlmZMthg=",
        "owner": "nixos",
        "repo": "nixpkgs",
        "rev": "b75693fb46bfaf09e662d09ec076c5a162efa9f6",
        "type": "github"
      },
      "original": {
        "owner": "nixos",
        "ref": "nixos-24.11",
        "repo": "nixpkgs",
        "type": "github"
      }
    },
    "root": {
      "inputs": {
        "devshell": "devshell",
        "naersk": "naersk",
        "nixpkgs": "nixpkgs_2",
        "nixpkgs-unstable": "nixpkgs-unstable",
        "rust-overlay": "rust-overlay",
        "treefmt-nix": "treefmt-nix",
        "typix": "typix",
        "typst-packages": "typst-packages",
        "utils": "utils"
      }
    },
    "rust-overlay": {
      "inputs": {
        "nixpkgs": [
          "nixpkgs"
        ]
      },
      "locked": {
        "lastModified": 1743993291,
        "narHash": "sha256-u8GHvduU1gCtoFXvTS/wGjH1ouv5S/GRGq6MAT+sG/k=",
        "owner": "oxalica",
        "repo": "rust-overlay",
        "rev": "0cb3c8979c65dc6a5812dfe67499a8c7b8b4325b",
        "type": "github"
      },
      "original": {
        "owner": "oxalica",
        "repo": "rust-overlay",
        "type": "github"
      }
    },
    "systems": {
      "locked": {
        "lastModified": 1681028828,
        "narHash": "sha256-Vy1rq5AaRuLzOxct8nz4T6wlgyUR7zLU309k9mBC768=",
        "owner": "nix-systems",
        "repo": "default",
        "rev": "da67096a3b9bf56a91d16901293e51ba5b49a27e",
        "type": "github"
      },
      "original": {
        "owner": "nix-systems",
        "repo": "default",
        "type": "github"
      }
    },
    "treefmt-nix": {
      "inputs": {
        "nixpkgs": [
          "nixpkgs"
        ]
      },
      "locked": {
        "lastModified": 1742370146,
        "narHash": "sha256-XRE8hL4vKIQyVMDXykFh4ceo3KSpuJF3ts8GKwh5bIU=",
        "owner": "numtide",
        "repo": "treefmt-nix",
        "rev": "adc195eef5da3606891cedf80c0d9ce2d3190808",
        "type": "github"
      },
      "original": {
        "owner": "numtide",
        "repo": "treefmt-nix",
        "type": "github"
      }
    },
    "typix": {
      "inputs": {
        "nixpkgs": [
          "nixpkgs-unstable"
        ]
      },
      "locked": {
        "lastModified": 1741639757,
        "narHash": "sha256-lgMRi/TW5cuPZ1E3/OQLS+4zoS3dAo4KUiPUFlynVI8=",
        "owner": "loqusion",
        "repo": "typix",
        "rev": "86ec42dc8101a21d958ff5f9b03d5f2e84c6865a",
        "type": "github"
      },
      "original": {
        "owner": "loqusion",
        "repo": "typix",
        "type": "github"
      }
    },
    "typst-packages": {
      "flake": false,
      "locked": {
        "lastModified": 1742464883,
        "narHash": "sha256-3IiIyBV5M2jNYTkVwJ0qw0JY48WAXy4gH0Wb5+Y/PTw=",
        "owner": "typst",
        "repo": "packages",
        "rev": "eb4cd13fe2efecc3c38121d98c4264cdfd0ed273",
        "type": "github"
      },
      "original": {
        "owner": "typst",
        "repo": "packages",
        "type": "github"
      }
    },
    "utils": {
      "inputs": {
        "systems": "systems"
      },
      "locked": {
        "lastModified": 1731533236,
        "narHash": "sha256-l0KFg5HjrsfsO/JpG+r7fRrqm12kzFHyUHqHCVpMMbI=",
        "ref": "refs/heads/main",
        "rev": "11707dc2f618dd54ca8739b309ec4fc024de578b",
        "revCount": 102,
        "type": "git",
        "url": "https://github.com/numtide/flake-utils.git"
      },
      "original": {
        "type": "git",
        "url": "https://github.com/numtide/flake-utils.git"
      }
    }
  },
  "root": "root",
  "version": 7
}
